
Microsoft Visual Studio Solution File, Format Version 12.00
Project("{FAE04EC0-301F-11D3-BF4B-00C04F79EFBC}") = "SubmitTool", "SubmitTool\SubmitTool.csproj", "{304EC724-55D2-4FEA-BBE8-2870CCEAC50A}"
EndProject
Global
	GlobalSection(SolutionConfigurationPlatforms) = preSolution
		Debug|Any CPU = Debug|Any CPU
		Release|Any CPU = Release|Any CPU
	EndGlobalSection
	GlobalSection(ProjectConfigurationPlatforms) = postSolution
		{304EC724-55D2-4FEA-BBE8-2870CCEAC50A}.Debug|Any CPU.ActiveCfg = Debug|Any CPU
		{304EC724-55D2-4FEA-BBE8-2870CCEAC50A}.Debug|Any CPU.Build.0 = Debug|Any CPU
		{304EC724-55D2-4FEA-BBE8-2870CCEAC50A}.Release|Any CPU.ActiveCfg = Release|Any CPU
		{304EC724-55D2-4FEA-BBE8-2870CCEAC50A}.Release|Any CPU.Build.0 = Release|Any CPU
	EndGlobalSection
EndGlobal
